// !$*UTF8*$!
{
	archiveVersion = 1;
	classes = {
	};
	objectVersion = 50;
	objects = {

/* Begin PBXBuildFile section */
		7522E0A826E603C3002EE1CE /* AppDelegate.swift in Sources */ = {isa = PBXBuildFile; fileRef = 7522E0A726E603C3002EE1CE /* AppDelegate.swift */; };
		7522E0AA26E603C3002EE1CE /* SceneDelegate.swift in Sources */ = {isa = PBXBuildFile; fileRef = 7522E0A926E603C3002EE1CE /* SceneDelegate.swift */; };
		7522E0AC26E603C3002EE1CE /* ViewController.swift in Sources */ = {isa = PBXBuildFile; fileRef = 7522E0AB26E603C3002EE1CE /* ViewController.swift */; };
		7522E0AF26E603C3002EE1CE /* Main.storyboard in Resources */ = {isa = PBXBuildFile; fileRef = 7522E0AD26E603C3002EE1CE /* Main.storyboard */; };
		7522E0B126E603C5002EE1CE /* Assets.xcassets in Resources */ = {isa = PBXBuildFile; fileRef = 7522E0B026E603C5002EE1CE /* Assets.xcassets */; };
		7522E0B426E603C5002EE1CE /* LaunchScreen.storyboard in Resources */ = {isa = PBXBuildFile; fileRef = 7522E0B226E603C5002EE1CE /* LaunchScreen.storyboard */; };
/* End PBXBuildFile section */

/* Begin PBXFileReference section */
		7522E0A426E603C3002EE1CE /* test_QEX.app */ = {isa = PBXFileReference; explicitFileType = wrapper.application; includeInIndex = 0; path = test_QEX.app; sourceTree = BUILT_PRODUCTS_DIR; };
		7522E0A726E603C3002EE1CE /* AppDelegate.swift */ = {isa = PBXFileReference; lastKnownFileType = sourcecode.swift; path = AppDelegate.swift; sourceTree = "<group>"; };
		7522E0A926E603C3002EE1CE /* SceneDelegate.swift */ = {isa = PBXFileReference; lastKnownFileType = sourcecode.swift; path = SceneDelegate.swift; sourceTree = "<group>"; };
		7522E0AB26E603C3002EE1CE /* ViewController.swift */ = {isa = PBXFileReference; lastKnownFileType = sourcecode.swift; path = ViewController.swift; sourceTree = "<group>"; };
		7522E0AE26E603C3002EE1CE /* Base */ = {isa = PBXFileReference; lastKnownFileType = file.storyboard; name = Base; path = Base.lproj/Main.storyboard; sourceTree = "<group>"; };
		7522E0B026E603C5002EE1CE /* Assets.xcassets */ = {isa = PBXFileReference; lastKnownFileType = folder.assetcatalog; path = Assets.xcassets; sourceTree = "<group>"; };
		7522E0B326E603C5002EE1CE /* Base */ = {isa = PBXFileReference; lastKnownFileType = file.storyboard; name = Base; path = Base.lproj/LaunchScreen.storyboard; sourceTree = "<group>"; };
		7522E0B526E603C5002EE1CE /* Info.plist */ = {isa = PBXFileReference; lastKnownFileType = text.plist.xml; path = Info.plist; sourceTree = "<group>"; };
/* End PBXFileReference section */

/* Begin PBXFrameworksBuildPhase section */
		7522E0A126E603C3002EE1CE /* Frameworks */ = {
			isa = PBXFrameworksBuildPhase;
			buildActionMask = 2147483647;
			files = (
			);
			runOnlyForDeploymentPostprocessing = 0;
		};
/* End PBXFrameworksBuildPhase section */

/* Begin PBXGroup section */
		7522E09B26E603C3002EE1CE = {
			isa = PBXGroup;
			children = (
				7522E0A626E603C3002EE1CE /* test_QEX */,
				7522E0A526E603C3002EE1CE /* Products */,
			);
			sourceTree = "<group>";
		};
		7522E0A526E603C3002EE1CE /* Products */ = {
			isa = PBXGroup;
			children = (
				7522E0A426E603C3002EE1CE /* test_QEX.app */,
			);
			name = Products;
			sourceTree = "<group>";
		};
		7522E0A626E603C3002EE1CE /* test_QEX */ = {
			isa = PBXGroup;
			children = (
				7522E0A726E603C3002EE1CE /* AppDelegate.swift */,
				7522E0A926E603C3002EE1CE /* SceneDelegate.swift */,
				7522E0AB26E603C3002EE1CE /* ViewController.swift */,
				7522E0AD26E603C3002EE1CE /* Main.storyboard */,
				7522E0B026E603C5002EE1CE /* Assets.xcassets */,
				7522E0B226E603C5002EE1CE /* LaunchScreen.storyboard */,
				7522E0B526E603C5002EE1CE /* Info.plist */,
			);
			path = test_QEX;
			sourceTree = "<group>";
		};
/* End PBXGroup section */

/* Begin PBXNativeTarget section */
		7522E0A326E603C3002EE1CE /* test_QEX */ = {
			isa = PBXNativeTarget;
			buildConfigurationList = 7522E0B826E603C5002EE1CE /* Build configuration list for PBXNativeTarget "test_QEX" */;
			buildPhases = (
				7522E0A026E603C3002EE1CE /* Sources */,
				7522E0A126E603C3002EE1CE /* Frameworks */,
				7522E0A226E603C3002EE1CE /* Resources */,
			);
			buildRules = (
			);
			dependencies = (
			);
			name = test_QEX;
			productName = test_QEX;
			productReference = 7522E0A426E603C3002EE1CE /* test_QEX.app */;
			productType = "com.apple.product-type.application";
		};
/* End PBXNativeTarget section */

/* Begin PBXProject section */
		7522E09C26E603C3002EE1CE /* Project object */ = {
			isa = PBXProject;
			attributes = {
				LastSwiftUpdateCheck = 1250;
				LastUpgradeCheck = 1250;
				TargetAttributes = {
					7522E0A326E603C3002EE1CE = {
						CreatedOnToolsVersion = 12.5;
					};
				};
			};
			buildConfigurationList = 7522E09F26E603C3002EE1CE /* Build configuration list for PBXProject "test_QEX" */;
			compatibilityVersion = "Xcode 9.3";
			developmentRegion = en;
			hasScannedForEncodings = 0;
			knownRegions = (
				en,
				Base,
			);
			mainGroup = 7522E09B26E603C3002EE1CE;
			productRefGroup = 7522E0A526E603C3002EE1CE /* Products */;
			projectDirPath = "";
			projectRoot = "";
			targets = (
				7522E0A326E603C3002EE1CE /* test_QEX */,
			);
		};
/* End PBXProject section */

/* Begin PBXResourcesBuildPhase section */
		7522E0A226E603C3002EE1CE /* Resources */ = {
			isa = PBXResourcesBuildPhase;
			buildActionMask = 2147483647;
			files = (
				7522E0B426E603C5002EE1CE /* LaunchScreen.storyboard in Resources */,
				7522E0B126E603C5002EE1CE /* Assets.xcassets in Resources */,
				7522E0AF26E603C3002EE1CE /* Main.storyboard in Resources */,
			);
			runOnlyForDeploymentPostprocessing = 0;
		};
/* End PBXResourcesBuildPhase section */

/* Begin PBXSourcesBuildPhase section */
		7522E0A026E603C3002EE1CE /* Sources */ = {
			isa = PBXSourcesBuildPhase;
			buildActionMask = 2147483647;
			files = (
				7522E0AC26E603C3002EE1CE /* ViewController.swift in Sources */,
				7522E0A826E603C3002EE1CE /* AppDelegate.swift in Sources */,
				7522E0AA26E603C3002EE1CE /* SceneDelegate.swift in Sources */,
			);
			runOnlyForDeploymentPostprocessing = 0;
		};
/* End PBXSourcesBuildPhase section */

/* Begin PBXVariantGroup section */
		7522E0AD26E603C3002EE1CE /* Main.storyboard */ = {
			isa = PBXVariantGroup;
			children = (
				7522E0AE26E603C3002EE1CE /* Base */,
			);
			name = Main.storyboard;
			sourceTree = "<group>";
		};
		7522E0B226E603C5002EE1CE /* LaunchScreen.storyboard */ = {
			isa = PBXVariantGroup;
			children = (
				7522E0B326E603C5002EE1CE /* Base */,
			);
			name = LaunchScreen.storyboard;
			sourceTree = "<group>";
		};
/* End PBXVariantGroup section */

/* Begin XCBuildConfiguration section */
		7522E0B626E603C5002EE1CE /* Debug */ = {
			isa = XCBuildConfiguration;
			buildSettings = {
				ALWAYS_SEARCH_USER_PATHS = NO;
				CLANG_ANALYZER_NONNULL = YES;
				CLANG_ANALYZER_NUMBER_OBJECT_CONVERSION = YES_AGGRESSIVE;
				CLANG_CXX_LANGUAGE_STANDARD = "gnu++14";
				CLANG_CXX_LIBRARY = "libc++";
				CLANG_ENABLE_MODULES = YES;
				CLANG_ENABLE_OBJC_ARC = YES;
				CLANG_ENABLE_OBJC_WEAK = YES;
				CLANG_WARN_BLOCK_CAPTURE_AUTORELEASING = YES;
				CLANG_WARN_BOOL_CONVERSION = YES;
				CLANG_WARN_COMMA = YES;
				CLANG_WARN_CONSTANT_CONVERSION = YES;
				CLANG_WARN_DEPRECATED_OBJC_IMPLEMENTATIONS = YES;
				CLANG_WARN_DIRECT_OBJC_ISA_USAGE = YES_ERROR;
				CLANG_WARN_DOCUMENTATION_COMMENTS = YES;
				CLANG_WARN_EMPTY_BODY = YES;
				CLANG_WARN_ENUM_CONVERSION = YES;
				CLANG_WARN_INFINITE_RECURSION = YES;
				CLANG_WARN_INT_CONVERSION = YES;
				CLANG_WARN_NON_LITERAL_NULL_CONVERSION = YES;
				CLANG_WARN_OBJC_IMPLICIT_RETAIN_SELF = YES;
				CLANG_WARN_OBJC_LITERAL_CONVERSION = YES;
				CLANG_WARN_OBJC_ROOT_CLASS = YES_ERROR;
				CLANG_WARN_QUOTED_INCLUDE_IN_FRAMEWORK_HEADER = YES;
				CLANG_WARN_RANGE_LOOP_ANALYSIS = YES;
				CLANG_WARN_STRICT_PROTOTYPES = YES;
				CLANG_WARN_SUSPICIOUS_MOVE = YES;
				CLANG_WARN_UNGUARDED_AVAILABILITY = YES_AGGRESSIVE;
				CLANG_WARN_UNREACHABLE_CODE = YES;
				CLANG_WARN__DUPLICATE_METHOD_MATCH = YES;
				COPY_PHASE_STRIP = NO;
				DEBUG_INFORMATION_FORMAT = dwarf;
				ENABLE_STRICT_OBJC_MSGSEND = YES;
				ENABLE_TESTABILITY = YES;
				GCC_C_LANGUAGE_STANDARD = gnu11;
				GCC_DYNAMIC_NO_PIC = NO;
				GCC_NO_COMMON_BLOCKS = YES;
				GCC_OPTIMIZATION_LEVEL = 0;
				GCC_PREPROCESSOR_DEFINITIONS = (
					"DEBUG=1",
					"$(inherited)",
				);
				GCC_WARN_64_TO_32_BIT_CONVERSION = YES;
				GCC_WARN_ABOUT_RETURN_TYPE = YES_ERROR;
				GCC_WARN_UNDECLARED_SELECTOR = YES;
				GCC_WARN_UNINITIALIZED_AUTOS = YES_AGGRESSIVE;
				GCC_WARN_UNUSED_FUNCTION = YES;
				GCC_WARN_UNUSED_VARIABLE = YES;
				IPHONEOS_DEPLOYMENT_TARGET = 14.5;
				MTL_ENABLE_DEBUG_INFO = INCLUDE_SOURCE;
				MTL_FAST_MATH = YES;
				ONLY_ACTIVE_ARCH = YES;
				SDKROOT = iphoneos;
				SWIFT_ACTIVE_COMPILATION_CONDITIONS = DEBUG;
				SWIFT_OPTIMIZATION_LEVEL = "-Onone";
			};
			name = Debug;
		};
		7522E0B726E603C5002EE1CE /* Release */ = {
			isa = XCBuildConfiguration;
			buildSettings = {
				ALWAYS_SEARCH_USER_PATHS = NO;
				CLANG_ANALYZER_NONNULL = YES;
				CLANG_ANALYZER_NUMBER_OBJECT_CONVERSION = YES_AGGRESSIVE;
				CLANG_CXX_LANGUAGE_STANDARD = "gnu++14";
				CLANG_CXX_LIBRARY = "libc++";
				CLANG_ENABLE_MODULES = YES;
				CLANG_ENABLE_OBJC_ARC = YES;
				CLANG_ENABLE_OBJC_WEAK = YES;
				CLANG_WARN_BLOCK_CAPTURE_AUTORELEASING = YES;
				CLANG_WARN_BOOL_CONVERSION = YES;
				CLANG_WARN_COMMA = YES;
				CLANG_WARN_CONSTANT_CONVERSION = YES;
				CLANG_WARN_DEPRECATED_OBJC_IMPLEMENTATIONS = YES;
				CLANG_WARN_DIRECT_OBJC_ISA_USAGE = YES_ERROR;
				CLANG_WARN_DOCUMENTATION_COMMENTS = YES;
				CLANG_WARN_EMPTY_BODY = YES;
				CLANG_WARN_ENUM_CONVERSION = YES;
				CLANG_WARN_INFINITE_RECURSION = YES;
				CLANG_WARN_INT_CONVERSION = YES;
				CLANG_WARN_NON_LITERAL_NULL_CONVERSION = YES;
				CLANG_WARN_OBJC_IMPLICIT_RETAIN_SELF = YES;
				CLANG_WARN_OBJC_LITERAL_CONVERSION = YES;
				CLANG_WARN_OBJC_ROOT_CLASS = YES_ERROR;
				CLANG_WARN_QUOTED_INCLUDE_IN_FRAMEWORK_HEADER = YES;
				CLANG_WARN_RANGE_LOOP_ANALYSIS = YES;
				CLANG_WARN_STRICT_PROTOTYPES = YES;
				CLANG_WARN_SUSPICIOUS_MOVE = YES;
				CLANG_WARN_UNGUARDED_AVAILABILITY = YES_AGGRESSIVE;
				CLANG_WARN_UNREACHABLE_CODE = YES;
				CLANG_WARN__DUPLICATE_METHOD_MATCH = YES;
				COPY_PHASE_STRIP = NO;
				DEBUG_INFORMATION_FORMAT = "dwarf-with-dsym";
				ENABLE_NS_ASSERTIONS = NO;
				ENABLE_STRICT_OBJC_MSGSEND = YES;
				GCC_C_LANGUAGE_STANDARD = gnu11;
				GCC_NO_COMMON_BLOCKS = YES;
				GCC_WARN_64_TO_32_BIT_CONVERSION = YES;
				GCC_WARN_ABOUT_RETURN_TYPE = YES_ERROR;
				GCC_WARN_UNDECLARED_SELECTOR = YES;
				GCC_WARN_UNINITIALIZED_AUTOS = YES_AGGRESSIVE;
				GCC_WARN_UNUSED_FUNCTION = YES;
				GCC_WARN_UNUSED_VARIABLE = YES;
				IPHONEOS_DEPLOYMENT_TARGET = 14.5;
				MTL_ENABLE_DEBUG_INFO = NO;
				MTL_FAST_MATH = YES;
				SDKROOT = iphoneos;
				SWIFT_COMPILATION_MODE = wholemodule;
				SWIFT_OPTIMIZATION_LEVEL = "-O";
				VALIDATE_PRODUCT = YES;
			};
			name = Release;
		};
		7522E0B926E603C5002EE1CE /* Debug */ = {
			isa = XCBuildConfiguration;
			buildSettings = {
				ASSETCATALOG_COMPILER_APPICON_NAME = AppIcon;
				ASSETCATALOG_COMPILER_GLOBAL_ACCENT_COLOR_NAME = AccentColor;
				CODE_SIGN_STYLE = Automatic;
				DEVELOPMENT_TEAM = 74TTKMJX34;
				INFOPLIST_FILE = test_QEX/Info.plist;
				LD_RUNPATH_SEARCH_PATHS = (
					"$(inherited)",
					"@executable_path/Frameworks",
				);
				PRODUCT_BUNDLE_IDENTIFIER = "alexander-rudikov.test-QEX";
				PRODUCT_NAME = "$(TARGET_NAME)";
				SWIFT_VERSION = 5.0;
				TARGETED_DEVICE_FAMILY = "1,2";
			};
			name = Debug;
		};
		7522E0BA26E603C5002EE1CE /* Release */ = {
			isa = XCBuildConfiguration;
			buildSettings = {
				ASSETCATALOG_COMPILER_APPICON_NAME = AppIcon;
				ASSETCATALOG_COMPILER_GLOBAL_ACCENT_COLOR_NAME = AccentColor;
				CODE_SIGN_STYLE = Automatic;
				DEVELOPMENT_TEAM = 74TTKMJX34;
				INFOPLIST_FILE = test_QEX/Info.plist;
				LD_RUNPATH_SEARCH_PATHS = (
					"$(inherited)",
					"@executable_path/Frameworks",
				);
				PRODUCT_BUNDLE_IDENTIFIER = "alexander-rudikov.test-QEX";
				PRODUCT_NAME = "$(TARGET_NAME)";
				SWIFT_VERSION = 5.0;
				TARGETED_DEVICE_FAMILY = "1,2";
			};
			name = Release;
		};
/* End XCBuildConfiguration section */

/* Begin XCConfigurationList section */
		7522E09F26E603C3002EE1CE /* Build configuration list for PBXProject "test_QEX" */ = {
			isa = XCConfigurationList;
			buildConfigurations = (
				7522E0B626E603C5002EE1CE /* Debug */,
				7522E0B726E603C5002EE1CE /* Release */,
			);
			defaultConfigurationIsVisible = 0;
			defaultConfigurationName = Release;
		};
		7522E0B826E603C5002EE1CE /* Build configuration list for PBXNativeTarget "test_QEX" */ = {
			isa = XCConfigurationList;
			buildConfigurations = (
				7522E0B926E603C5002EE1CE /* Debug */,
				7522E0BA26E603C5002EE1CE /* Release */,
			);
			defaultConfigurationIsVisible = 0;
			defaultConfigurationName = Release;
		};
/* End XCConfigurationList section */
	};
	rootObject = 7522E09C26E603C3002EE1CE /* Project object */;
}
